// !$*UTF8*$!
{
	archiveVersion = 1;
	classes = {
	};
	objectVersion = 46;
	objects = {

/* Begin PBXBuildFile section */
		12732CA317DF4174007D3049 /* model3DS.cpp in Sources */ = {isa = PBXBuildFile; fileRef = 12732C9B17DF4174007D3049 /* model3DS.cpp */; };
		12732CA417DF4174007D3049 /* texture3DS.cpp in Sources */ = {isa = PBXBuildFile; fileRef = 12732C9D17DF4174007D3049 /* texture3DS.cpp */; };
		12732CA517DF4174007D3049 /* ofx3dModelLoader.cpp in Sources */ = {isa = PBXBuildFile; fileRef = 12732CA117DF4174007D3049 /* ofx3dModelLoader.cpp */; };
		12732E0D17E02A81007D3049 /* fftw3f.a in Frameworks */ = {isa = PBXBuildFile; fileRef = 12732DFB17E02A81007D3049 /* fftw3f.a */; };
		12732E0E17E02A81007D3049 /* kiss_fft.c in Sources */ = {isa = PBXBuildFile; fileRef = 12732DFE17E02A81007D3049 /* kiss_fft.c */; };
		12732E0F17E02A81007D3049 /* kiss_fftr.c in Sources */ = {isa = PBXBuildFile; fileRef = 12732E0017E02A81007D3049 /* kiss_fftr.c */; };
		12732E1017E02A81007D3049 /* ofxEasyFft.cpp in Sources */ = {isa = PBXBuildFile; fileRef = 12732E0517E02A81007D3049 /* ofxEasyFft.cpp */; };
		12732E1117E02A81007D3049 /* ofxFft.cpp in Sources */ = {isa = PBXBuildFile; fileRef = 12732E0717E02A81007D3049 /* ofxFft.cpp */; };
		12732E1217E02A81007D3049 /* ofxFftBasic.cpp in Sources */ = {isa = PBXBuildFile; fileRef = 12732E0917E02A81007D3049 /* ofxFftBasic.cpp */; };
		12732E1317E02A81007D3049 /* ofxFftw.cpp in Sources */ = {isa = PBXBuildFile; fileRef = 12732E0B17E02A81007D3049 /* ofxFftw.cpp */; };
		12732E7017E05662007D3049 /* libftgl.a in Frameworks */ = {isa = PBXBuildFile; fileRef = 12732E6417E05662007D3049 /* libftgl.a */; };
		12732E7117E05663007D3049 /* libftgl.a in Frameworks */ = {isa = PBXBuildFile; fileRef = 12732E6617E05662007D3049 /* libftgl.a */; };
		12732E7217E05663007D3049 /* libftgl.a in Frameworks */ = {isa = PBXBuildFile; fileRef = 12732E6917E05662007D3049 /* libftgl.a */; };
		12732E7317E05663007D3049 /* ftgl_static.lib in Frameworks */ = {isa = PBXBuildFile; fileRef = 12732E6B17E05662007D3049 /* ftgl_static.lib */; };
		12732E7417E05663007D3049 /* ofxFTGLFont.cpp in Sources */ = {isa = PBXBuildFile; fileRef = 12732E6E17E05662007D3049 /* ofxFTGLFont.cpp */; };
		12A9BFEE17E3148B00726F30 /* assimp.a in Frameworks */ = {isa = PBXBuildFile; fileRef = 12A9BFE317E3148B00726F30 /* assimp.a */; };
		12A9BFEF17E3148B00726F30 /* ofxAssimpAnimation.cpp in Sources */ = {isa = PBXBuildFile; fileRef = 12A9BFE517E3148B00726F30 /* ofxAssimpAnimation.cpp */; };
		12A9BFF017E3148B00726F30 /* ofxAssimpMeshHelper.cpp in Sources */ = {isa = PBXBuildFile; fileRef = 12A9BFE717E3148B00726F30 /* ofxAssimpMeshHelper.cpp */; };
		12A9BFF117E3148B00726F30 /* ofxAssimpModelLoader.cpp in Sources */ = {isa = PBXBuildFile; fileRef = 12A9BFE917E3148B00726F30 /* ofxAssimpModelLoader.cpp */; };
		12A9BFF217E3148B00726F30 /* ofxAssimpTexture.cpp in Sources */ = {isa = PBXBuildFile; fileRef = 12A9BFEB17E3148B00726F30 /* ofxAssimpTexture.cpp */; };
		BBAB23CB13894F3D00AA2426 /* GLUT.framework in CopyFiles */ = {isa = PBXBuildFile; fileRef = BBAB23BE13894E4700AA2426 /* GLUT.framework */; };
		E4328149138ABC9F0047C5CB /* openFrameworksDebug.a in Frameworks */ = {isa = PBXBuildFile; fileRef = E4328148138ABC890047C5CB /* openFrameworksDebug.a */; };
		E45BE97B0E8CC7DD009D7055 /* AGL.framework in Frameworks */ = {isa = PBXBuildFile; fileRef = E45BE9710E8CC7DD009D7055 /* AGL.framework */; };
		E45BE97C0E8CC7DD009D7055 /* ApplicationServices.framework in Frameworks */ = {isa = PBXBuildFile; fileRef = E45BE9720E8CC7DD009D7055 /* ApplicationServices.framework */; };
		E45BE97D0E8CC7DD009D7055 /* AudioToolbox.framework in Frameworks */ = {isa = PBXBuildFile; fileRef = E45BE9730E8CC7DD009D7055 /* AudioToolbox.framework */; };
		E45BE97E0E8CC7DD009D7055 /* Carbon.framework in Frameworks */ = {isa = PBXBuildFile; fileRef = E45BE9740E8CC7DD009D7055 /* Carbon.framework */; };
		E45BE97F0E8CC7DD009D7055 /* CoreAudio.framework in Frameworks */ = {isa = PBXBuildFile; fileRef = E45BE9750E8CC7DD009D7055 /* CoreAudio.framework */; };
		E45BE9800E8CC7DD009D7055 /* CoreFoundation.framework in Frameworks */ = {isa = PBXBuildFile; fileRef = E45BE9760E8CC7DD009D7055 /* CoreFoundation.framework */; };
		E45BE9810E8CC7DD009D7055 /* CoreServices.framework in Frameworks */ = {isa = PBXBuildFile; fileRef = E45BE9770E8CC7DD009D7055 /* CoreServices.framework */; };
		E45BE9830E8CC7DD009D7055 /* OpenGL.framework in Frameworks */ = {isa = PBXBuildFile; fileRef = E45BE9790E8CC7DD009D7055 /* OpenGL.framework */; };
		E45BE9840E8CC7DD009D7055 /* QuickTime.framework in Frameworks */ = {isa = PBXBuildFile; fileRef = E45BE97A0E8CC7DD009D7055 /* QuickTime.framework */; };
		E4B69E200A3A1BDC003C02F2 /* main.cpp in Sources */ = {isa = PBXBuildFile; fileRef = E4B69E1D0A3A1BDC003C02F2 /* main.cpp */; };
		E4B69E210A3A1BDC003C02F2 /* testApp.cpp in Sources */ = {isa = PBXBuildFile; fileRef = E4B69E1E0A3A1BDC003C02F2 /* testApp.cpp */; };
		E4C2424710CC5A17004149E2 /* AppKit.framework in Frameworks */ = {isa = PBXBuildFile; fileRef = E4C2424410CC5A17004149E2 /* AppKit.framework */; };
		E4C2424810CC5A17004149E2 /* Cocoa.framework in Frameworks */ = {isa = PBXBuildFile; fileRef = E4C2424510CC5A17004149E2 /* Cocoa.framework */; };
		E4C2424910CC5A17004149E2 /* IOKit.framework in Frameworks */ = {isa = PBXBuildFile; fileRef = E4C2424610CC5A17004149E2 /* IOKit.framework */; };
		E4EB6799138ADC1D00A09F29 /* GLUT.framework in Frameworks */ = {isa = PBXBuildFile; fileRef = BBAB23BE13894E4700AA2426 /* GLUT.framework */; };
		E7E077E515D3B63C0020DFD4 /* CoreVideo.framework in Frameworks */ = {isa = PBXBuildFile; fileRef = E7E077E415D3B63C0020DFD4 /* CoreVideo.framework */; };
		E7E077E815D3B6510020DFD4 /* QTKit.framework in Frameworks */ = {isa = PBXBuildFile; fileRef = E7E077E715D3B6510020DFD4 /* QTKit.framework */; };
		E7F985F815E0DEA3003869B5 /* Accelerate.framework in Frameworks */ = {isa = PBXBuildFile; fileRef = E7F985F515E0DE99003869B5 /* Accelerate.framework */; };
/* End PBXBuildFile section */

/* Begin PBXContainerItemProxy section */
		E4328147138ABC890047C5CB /* PBXContainerItemProxy */ = {
			isa = PBXContainerItemProxy;
			containerPortal = E4328143138ABC890047C5CB /* openFrameworksLib.xcodeproj */;
			proxyType = 2;
			remoteGlobalIDString = E4B27C1510CBEB8E00536013;
			remoteInfo = openFrameworks;
		};
		E4EEB9AB138B136A00A80321 /* PBXContainerItemProxy */ = {
			isa = PBXContainerItemProxy;
			containerPortal = E4328143138ABC890047C5CB /* openFrameworksLib.xcodeproj */;
			proxyType = 1;
			remoteGlobalIDString = E4B27C1410CBEB8E00536013;
			remoteInfo = openFrameworks;
		};
/* End PBXContainerItemProxy section */

/* Begin PBXCopyFilesBuildPhase section */
		E4C2427710CC5ABF004149E2 /* CopyFiles */ = {
			isa = PBXCopyFilesBuildPhase;
			buildActionMask = 2147483647;
			dstPath = "";
			dstSubfolderSpec = 10;
			files = (
				BBAB23CB13894F3D00AA2426 /* GLUT.framework in CopyFiles */,
			);
			runOnlyForDeploymentPostprocessing = 0;
		};
/* End PBXCopyFilesBuildPhase section */

/* Begin PBXFileReference section */
		12732C9B17DF4174007D3049 /* model3DS.cpp */ = {isa = PBXFileReference; fileEncoding = 4; lastKnownFileType = sourcecode.cpp.cpp; path = model3DS.cpp; sourceTree = "<group>"; };
		12732C9C17DF4174007D3049 /* model3DS.h */ = {isa = PBXFileReference; fileEncoding = 4; lastKnownFileType = sourcecode.c.h; path = model3DS.h; sourceTree = "<group>"; };
		12732C9D17DF4174007D3049 /* texture3DS.cpp */ = {isa = PBXFileReference; fileEncoding = 4; lastKnownFileType = sourcecode.cpp.cpp; path = texture3DS.cpp; sourceTree = "<group>"; };
		12732C9E17DF4174007D3049 /* texture3DS.h */ = {isa = PBXFileReference; fileEncoding = 4; lastKnownFileType = sourcecode.c.h; path = texture3DS.h; sourceTree = "<group>"; };
		12732C9F17DF4174007D3049 /* Vector3DS.h */ = {isa = PBXFileReference; fileEncoding = 4; lastKnownFileType = sourcecode.c.h; path = Vector3DS.h; sourceTree = "<group>"; };
		12732CA017DF4174007D3049 /* ofx3DBaseLoader.h */ = {isa = PBXFileReference; fileEncoding = 4; lastKnownFileType = sourcecode.c.h; path = ofx3DBaseLoader.h; sourceTree = "<group>"; };
		12732CA117DF4174007D3049 /* ofx3dModelLoader.cpp */ = {isa = PBXFileReference; fileEncoding = 4; lastKnownFileType = sourcecode.cpp.cpp; path = ofx3dModelLoader.cpp; sourceTree = "<group>"; };
		12732CA217DF4174007D3049 /* ofx3DModelLoader.h */ = {isa = PBXFileReference; fileEncoding = 4; lastKnownFileType = sourcecode.c.h; path = ofx3DModelLoader.h; sourceTree = "<group>"; };
		12732DF317E02A80007D3049 /* .gitignore */ = {isa = PBXFileReference; fileEncoding = 4; lastKnownFileType = text; path = .gitignore; sourceTree = "<group>"; };
		12732DF717E02A80007D3049 /* fftw3.h */ = {isa = PBXFileReference; fileEncoding = 4; lastKnownFileType = sourcecode.c.h; path = fftw3.h; sourceTree = "<group>"; };
		12732DF917E02A80007D3049 /* .gitignore */ = {isa = PBXFileReference; fileEncoding = 4; lastKnownFileType = text; path = .gitignore; sourceTree = "<group>"; };
		12732DFB17E02A81007D3049 /* fftw3f.a */ = {isa = PBXFileReference; lastKnownFileType = archive.ar; path = fftw3f.a; sourceTree = "<group>"; };
		12732DFD17E02A81007D3049 /* _kiss_fft_guts.h */ = {isa = PBXFileReference; fileEncoding = 4; lastKnownFileType = sourcecode.c.h; path = _kiss_fft_guts.h; sourceTree = "<group>"; };
		12732DFE17E02A81007D3049 /* kiss_fft.c */ = {isa = PBXFileReference; fileEncoding = 4; lastKnownFileType = sourcecode.c.c; path = kiss_fft.c; sourceTree = "<group>"; };
		12732DFF17E02A81007D3049 /* kiss_fft.h */ = {isa = PBXFileReference; fileEncoding = 4; lastKnownFileType = sourcecode.c.h; path = kiss_fft.h; sourceTree = "<group>"; };
		12732E0017E02A81007D3049 /* kiss_fftr.c */ = {isa = PBXFileReference; fileEncoding = 4; lastKnownFileType = sourcecode.c.c; path = kiss_fftr.c; sourceTree = "<group>"; };
		12732E0117E02A81007D3049 /* kiss_fftr.h */ = {isa = PBXFileReference; fileEncoding = 4; lastKnownFileType = sourcecode.c.h; path = kiss_fftr.h; sourceTree = "<group>"; };
		12732E0217E02A81007D3049 /* ofxaddons_thumbnail.png */ = {isa = PBXFileReference; lastKnownFileType = image.png; path = ofxaddons_thumbnail.png; sourceTree = "<group>"; };
		12732E0317E02A81007D3049 /* readme.md */ = {isa = PBXFileReference; fileEncoding = 4; lastKnownFileType = text; path = readme.md; sourceTree = "<group>"; };
		12732E0517E02A81007D3049 /* ofxEasyFft.cpp */ = {isa = PBXFileReference; fileEncoding = 4; lastKnownFileType = sourcecode.cpp.cpp; path = ofxEasyFft.cpp; sourceTree = "<group>"; };
		12732E0617E02A81007D3049 /* ofxEasyFft.h */ = {isa = PBXFileReference; fileEncoding = 4; lastKnownFileType = sourcecode.c.h; path = ofxEasyFft.h; sourceTree = "<group>"; };
		12732E0717E02A81007D3049 /* ofxFft.cpp */ = {isa = PBXFileReference; fileEncoding = 4; lastKnownFileType = sourcecode.cpp.cpp; path = ofxFft.cpp; sourceTree = "<group>"; };
		12732E0817E02A81007D3049 /* ofxFft.h */ = {isa = PBXFileReference; fileEncoding = 4; lastKnownFileType = sourcecode.c.h; path = ofxFft.h; sourceTree = "<group>"; };
		12732E0917E02A81007D3049 /* ofxFftBasic.cpp */ = {isa = PBXFileReference; fileEncoding = 4; lastKnownFileType = sourcecode.cpp.cpp; path = ofxFftBasic.cpp; sourceTree = "<group>"; };
		12732E0A17E02A81007D3049 /* ofxFftBasic.h */ = {isa = PBXFileReference; fileEncoding = 4; lastKnownFileType = sourcecode.c.h; path = ofxFftBasic.h; sourceTree = "<group>"; };
		12732E0B17E02A81007D3049 /* ofxFftw.cpp */ = {isa = PBXFileReference; fileEncoding = 4; lastKnownFileType = sourcecode.cpp.cpp; path = ofxFftw.cpp; sourceTree = "<group>"; };
		12732E0C17E02A81007D3049 /* ofxFftw.h */ = {isa = PBXFileReference; fileEncoding = 4; lastKnownFileType = sourcecode.c.h; path = ofxFftw.h; sourceTree = "<group>"; };
		12732E4717E05662007D3049 /* .gitignore */ = {isa = PBXFileReference; fileEncoding = 4; lastKnownFileType = text; path = .gitignore; sourceTree = "<group>"; };
		12732E4C17E05662007D3049 /* FTBBox.h */ = {isa = PBXFileReference; fileEncoding = 4; lastKnownFileType = sourcecode.c.h; path = FTBBox.h; sourceTree = "<group>"; };
		12732E4D17E05662007D3049 /* FTBitmapGlyph.h */ = {isa = PBXFileReference; fileEncoding = 4; lastKnownFileType = sourcecode.c.h; path = FTBitmapGlyph.h; sourceTree = "<group>"; };
		12732E4E17E05662007D3049 /* FTBuffer.h */ = {isa = PBXFileReference; fileEncoding = 4; lastKnownFileType = sourcecode.c.h; path = FTBuffer.h; sourceTree = "<group>"; };
		12732E4F17E05662007D3049 /* FTBufferFont.h */ = {isa = PBXFileReference; fileEncoding = 4; lastKnownFileType = sourcecode.c.h; path = FTBufferFont.h; sourceTree = "<group>"; };
		12732E5017E05662007D3049 /* FTBufferGlyph.h */ = {isa = PBXFileReference; fileEncoding = 4; lastKnownFileType = sourcecode.c.h; path = FTBufferGlyph.h; sourceTree = "<group>"; };
		12732E5117E05662007D3049 /* FTExtrdGlyph.h */ = {isa = PBXFileReference; fileEncoding = 4; lastKnownFileType = sourcecode.c.h; path = FTExtrdGlyph.h; sourceTree = "<group>"; };
		12732E5217E05662007D3049 /* FTFont.h */ = {isa = PBXFileReference; fileEncoding = 4; lastKnownFileType = sourcecode.c.h; path = FTFont.h; sourceTree = "<group>"; };
		12732E5317E05662007D3049 /* ftgl.h */ = {isa = PBXFileReference; fileEncoding = 4; lastKnownFileType = sourcecode.c.h; path = ftgl.h; sourceTree = "<group>"; };
		12732E5417E05662007D3049 /* FTGLBitmapFont.h */ = {isa = PBXFileReference; fileEncoding = 4; lastKnownFileType = sourcecode.c.h; path = FTGLBitmapFont.h; sourceTree = "<group>"; };
		12732E5517E05662007D3049 /* FTGLExtrdFont.h */ = {isa = PBXFileReference; fileEncoding = 4; lastKnownFileType = sourcecode.c.h; path = FTGLExtrdFont.h; sourceTree = "<group>"; };
		12732E5617E05662007D3049 /* FTGLOutlineFont.h */ = {isa = PBXFileReference; fileEncoding = 4; lastKnownFileType = sourcecode.c.h; path = FTGLOutlineFont.h; sourceTree = "<group>"; };
		12732E5717E05662007D3049 /* FTGLPixmapFont.h */ = {isa = PBXFileReference; fileEncoding = 4; lastKnownFileType = sourcecode.c.h; path = FTGLPixmapFont.h; sourceTree = "<group>"; };
		12732E5817E05662007D3049 /* FTGLPolygonFont.h */ = {isa = PBXFileReference; fileEncoding = 4; lastKnownFileType = sourcecode.c.h; path = FTGLPolygonFont.h; sourceTree = "<group>"; };
		12732E5917E05662007D3049 /* FTGLTextureFont.h */ = {isa = PBXFileReference; fileEncoding = 4; lastKnownFileType = sourcecode.c.h; path = FTGLTextureFont.h; sourceTree = "<group>"; };
		12732E5A17E05662007D3049 /* FTGlyph.h */ = {isa = PBXFileReference; fileEncoding = 4; lastKnownFileType = sourcecode.c.h; path = FTGlyph.h; sourceTree = "<group>"; };
		12732E5B17E05662007D3049 /* FTLayout.h */ = {isa = PBXFileReference; fileEncoding = 4; lastKnownFileType = sourcecode.c.h; path = FTLayout.h; sourceTree = "<group>"; };
		12732E5C17E05662007D3049 /* FTOutlineGlyph.h */ = {isa = PBXFileReference; fileEncoding = 4; lastKnownFileType = sourcecode.c.h; path = FTOutlineGlyph.h; sourceTree = "<group>"; };
		12732E5D17E05662007D3049 /* FTPixmapGlyph.h */ = {isa = PBXFileReference; fileEncoding = 4; lastKnownFileType = sourcecode.c.h; path = FTPixmapGlyph.h; sourceTree = "<group>"; };
		12732E5E17E05662007D3049 /* FTPoint.h */ = {isa = PBXFileReference; fileEncoding = 4; lastKnownFileType = sourcecode.c.h; path = FTPoint.h; sourceTree = "<group>"; };
		12732E5F17E05662007D3049 /* FTPolyGlyph.h */ = {isa = PBXFileReference; fileEncoding = 4; lastKnownFileType = sourcecode.c.h; path = FTPolyGlyph.h; sourceTree = "<group>"; };
		12732E6017E05662007D3049 /* FTSimpleLayout.h */ = {isa = PBXFileReference; fileEncoding = 4; lastKnownFileType = sourcecode.c.h; path = FTSimpleLayout.h; sourceTree = "<group>"; };
		12732E6117E05662007D3049 /* FTTextureGlyph.h */ = {isa = PBXFileReference; fileEncoding = 4; lastKnownFileType = sourcecode.c.h; path = FTTextureGlyph.h; sourceTree = "<group>"; };
		12732E6417E05662007D3049 /* libftgl.a */ = {isa = PBXFileReference; lastKnownFileType = archive.ar; path = libftgl.a; sourceTree = "<group>"; };
		12732E6617E05662007D3049 /* libftgl.a */ = {isa = PBXFileReference; lastKnownFileType = archive.ar; path = libftgl.a; sourceTree = "<group>"; };
		12732E6817E05662007D3049 /* buildFTGL.sh */ = {isa = PBXFileReference; fileEncoding = 4; lastKnownFileType = text.script.sh; path = buildFTGL.sh; sourceTree = "<group>"; };
		12732E6917E05662007D3049 /* libftgl.a */ = {isa = PBXFileReference; lastKnownFileType = archive.ar; path = libftgl.a; sourceTree = "<group>"; };
		12732E6B17E05662007D3049 /* ftgl_static.lib */ = {isa = PBXFileReference; lastKnownFileType = archive.ar; path = ftgl_static.lib; sourceTree = "<group>"; };
		12732E6C17E05662007D3049 /* README.md */ = {isa = PBXFileReference; fileEncoding = 4; lastKnownFileType = text; path = README.md; sourceTree = "<group>"; };
		12732E6E17E05662007D3049 /* ofxFTGLFont.cpp */ = {isa = PBXFileReference; fileEncoding = 4; lastKnownFileType = sourcecode.cpp.cpp; path = ofxFTGLFont.cpp; sourceTree = "<group>"; };
		12732E6F17E05662007D3049 /* ofxFTGLFont.h */ = {isa = PBXFileReference; fileEncoding = 4; lastKnownFileType = sourcecode.c.h; path = ofxFTGLFont.h; sourceTree = "<group>"; };
		12A9BFB817E3148B00726F30 /* addon_config.mk */ = {isa = PBXFileReference; fileEncoding = 4; lastKnownFileType = text; path = addon_config.mk; sourceTree = "<group>"; };
		12A9BFBC17E3148B00726F30 /* aiAnim.h */ = {isa = PBXFileReference; fileEncoding = 4; lastKnownFileType = sourcecode.c.h; path = aiAnim.h; sourceTree = "<group>"; };
		12A9BFBD17E3148B00726F30 /* aiAssert.h */ = {isa = PBXFileReference; fileEncoding = 4; lastKnownFileType = sourcecode.c.h; path = aiAssert.h; sourceTree = "<group>"; };
		12A9BFBE17E3148B00726F30 /* aiCamera.h */ = {isa = PBXFileReference; fileEncoding = 4; lastKnownFileType = sourcecode.c.h; path = aiCamera.h; sourceTree = "<group>"; };
		12A9BFBF17E3148B00726F30 /* aiColor4D.h */ = {isa = PBXFileReference; fileEncoding = 4; lastKnownFileType = sourcecode.c.h; path = aiColor4D.h; sourceTree = "<group>"; };
		12A9BFC017E3148B00726F30 /* aiColor4D.inl */ = {isa = PBXFileReference; fileEncoding = 4; lastKnownFileType = text; path = aiColor4D.inl; sourceTree = "<group>"; };
		12A9BFC117E3148B00726F30 /* aiConfig.h */ = {isa = PBXFileReference; fileEncoding = 4; lastKnownFileType = sourcecode.c.h; path = aiConfig.h; sourceTree = "<group>"; };
		12A9BFC217E3148B00726F30 /* aiDefines.h */ = {isa = PBXFileReference; fileEncoding = 4; lastKnownFileType = sourcecode.c.h; path = aiDefines.h; sourceTree = "<group>"; };
		12A9BFC317E3148B00726F30 /* aiFileIO.h */ = {isa = PBXFileReference; fileEncoding = 4; lastKnownFileType = sourcecode.c.h; path = aiFileIO.h; sourceTree = "<group>"; };
		12A9BFC417E3148B00726F30 /* aiLight.h */ = {isa = PBXFileReference; fileEncoding = 4; lastKnownFileType = sourcecode.c.h; path = aiLight.h; sourceTree = "<group>"; };
		12A9BFC517E3148B00726F30 /* aiMaterial.h */ = {isa = PBXFileReference; fileEncoding = 4; lastKnownFileType = sourcecode.c.h; path = aiMaterial.h; sourceTree = "<group>"; };
		12A9BFC617E3148B00726F30 /* aiMaterial.inl */ = {isa = PBXFileReference; fileEncoding = 4; lastKnownFileType = text; path = aiMaterial.inl; sourceTree = "<group>"; };
		12A9BFC717E3148B00726F30 /* aiMatrix3x3.h */ = {isa = PBXFileReference; fileEncoding = 4; lastKnownFileType = sourcecode.c.h; path = aiMatrix3x3.h; sourceTree = "<group>"; };
		12A9BFC817E3148B00726F30 /* aiMatrix3x3.inl */ = {isa = PBXFileReference; fileEncoding = 4; lastKnownFileType = text; path = aiMatrix3x3.inl; sourceTree = "<group>"; };
		12A9BFC917E3148B00726F30 /* aiMatrix4x4.h */ = {isa = PBXFileReference; fileEncoding = 4; lastKnownFileType = sourcecode.c.h; path = aiMatrix4x4.h; sourceTree = "<group>"; };
		12A9BFCA17E3148B00726F30 /* aiMatrix4x4.inl */ = {isa = PBXFileReference; fileEncoding = 4; lastKnownFileType = text; path = aiMatrix4x4.inl; sourceTree = "<group>"; };
		12A9BFCB17E3148B00726F30 /* aiMesh.h */ = {isa = PBXFileReference; fileEncoding = 4; lastKnownFileType = sourcecode.c.h; path = aiMesh.h; sourceTree = "<group>"; };
		12A9BFCC17E3148B00726F30 /* aiPostProcess.h */ = {isa = PBXFileReference; fileEncoding = 4; lastKnownFileType = sourcecode.c.h; path = aiPostProcess.h; sourceTree = "<group>"; };
		12A9BFCD17E3148B00726F30 /* aiQuaternion.h */ = {isa = PBXFileReference; fileEncoding = 4; lastKnownFileType = sourcecode.c.h; path = aiQuaternion.h; sourceTree = "<group>"; };
		12A9BFCE17E3148B00726F30 /* aiScene.h */ = {isa = PBXFileReference; fileEncoding = 4; lastKnownFileType = sourcecode.c.h; path = aiScene.h; sourceTree = "<group>"; };
		12A9BFCF17E3148B00726F30 /* aiTexture.h */ = {isa = PBXFileReference; fileEncoding = 4; lastKnownFileType = sourcecode.c.h; path = aiTexture.h; sourceTree = "<group>"; };
		12A9BFD017E3148B00726F30 /* aiTypes.h */ = {isa = PBXFileReference; fileEncoding = 4; lastKnownFileType = sourcecode.c.h; path = aiTypes.h; sourceTree = "<group>"; };
		12A9BFD117E3148B00726F30 /* aiVector2D.h */ = {isa = PBXFileReference; fileEncoding = 4; lastKnownFileType = sourcecode.c.h; path = aiVector2D.h; sourceTree = "<group>"; };
		12A9BFD217E3148B00726F30 /* aiVector3D.h */ = {isa = PBXFileReference; fileEncoding = 4; lastKnownFileType = sourcecode.c.h; path = aiVector3D.h; sourceTree = "<group>"; };
		12A9BFD317E3148B00726F30 /* aiVector3D.inl */ = {isa = PBXFileReference; fileEncoding = 4; lastKnownFileType = text; path = aiVector3D.inl; sourceTree = "<group>"; };
		12A9BFD417E3148B00726F30 /* aiVersion.h */ = {isa = PBXFileReference; fileEncoding = 4; lastKnownFileType = sourcecode.c.h; path = aiVersion.h; sourceTree = "<group>"; };
		12A9BFD517E3148B00726F30 /* assimp.h */ = {isa = PBXFileReference; fileEncoding = 4; lastKnownFileType = sourcecode.c.h; path = assimp.h; sourceTree = "<group>"; };
		12A9BFD617E3148B00726F30 /* assimp.hpp */ = {isa = PBXFileReference; fileEncoding = 4; lastKnownFileType = sourcecode.cpp.h; path = assimp.hpp; sourceTree = "<group>"; };
		12A9BFD817E3148B00726F30 /* poppack1.h */ = {isa = PBXFileReference; fileEncoding = 4; lastKnownFileType = sourcecode.c.h; path = poppack1.h; sourceTree = "<group>"; };
		12A9BFD917E3148B00726F30 /* pushpack1.h */ = {isa = PBXFileReference; fileEncoding = 4; lastKnownFileType = sourcecode.c.h; path = pushpack1.h; sourceTree = "<group>"; };
		12A9BFDA17E3148B00726F30 /* DefaultLogger.h */ = {isa = PBXFileReference; fileEncoding = 4; lastKnownFileType = sourcecode.c.h; path = DefaultLogger.h; sourceTree = "<group>"; };
		12A9BFDB17E3148B00726F30 /* IOStream.h */ = {isa = PBXFileReference; fileEncoding = 4; lastKnownFileType = sourcecode.c.h; path = IOStream.h; sourceTree = "<group>"; };
		12A9BFDC17E3148B00726F30 /* IOSystem.h */ = {isa = PBXFileReference; fileEncoding = 4; lastKnownFileType = sourcecode.c.h; path = IOSystem.h; sourceTree = "<group>"; };
		12A9BFDD17E3148B00726F30 /* Logger.h */ = {isa = PBXFileReference; fileEncoding = 4; lastKnownFileType = sourcecode.c.h; path = Logger.h; sourceTree = "<group>"; };
		12A9BFDE17E3148B00726F30 /* LogStream.h */ = {isa = PBXFileReference; fileEncoding = 4; lastKnownFileType = sourcecode.c.h; path = LogStream.h; sourceTree = "<group>"; };
		12A9BFDF17E3148B00726F30 /* NullLogger.h */ = {isa = PBXFileReference; fileEncoding = 4; lastKnownFileType = sourcecode.c.h; path = NullLogger.h; sourceTree = "<group>"; };
		12A9BFE017E3148B00726F30 /* ProgressHandler.h */ = {isa = PBXFileReference; fileEncoding = 4; lastKnownFileType = sourcecode.c.h; path = ProgressHandler.h; sourceTree = "<group>"; };
		12A9BFE317E3148B00726F30 /* assimp.a */ = {isa = PBXFileReference; lastKnownFileType = archive.ar; path = assimp.a; sourceTree = "<group>"; };
		12A9BFE517E3148B00726F30 /* ofxAssimpAnimation.cpp */ = {isa = PBXFileReference; fileEncoding = 4; lastKnownFileType = sourcecode.cpp.cpp; path = ofxAssimpAnimation.cpp; sourceTree = "<group>"; };
		12A9BFE617E3148B00726F30 /* ofxAssimpAnimation.h */ = {isa = PBXFileReference; fileEncoding = 4; lastKnownFileType = sourcecode.c.h; path = ofxAssimpAnimation.h; sourceTree = "<group>"; };
		12A9BFE717E3148B00726F30 /* ofxAssimpMeshHelper.cpp */ = {isa = PBXFileReference; fileEncoding = 4; lastKnownFileType = sourcecode.cpp.cpp; path = ofxAssimpMeshHelper.cpp; sourceTree = "<group>"; };
		12A9BFE817E3148B00726F30 /* ofxAssimpMeshHelper.h */ = {isa = PBXFileReference; fileEncoding = 4; lastKnownFileType = sourcecode.c.h; path = ofxAssimpMeshHelper.h; sourceTree = "<group>"; };
		12A9BFE917E3148B00726F30 /* ofxAssimpModelLoader.cpp */ = {isa = PBXFileReference; fileEncoding = 4; lastKnownFileType = sourcecode.cpp.cpp; path = ofxAssimpModelLoader.cpp; sourceTree = "<group>"; };
		12A9BFEA17E3148B00726F30 /* ofxAssimpModelLoader.h */ = {isa = PBXFileReference; fileEncoding = 4; lastKnownFileType = sourcecode.c.h; path = ofxAssimpModelLoader.h; sourceTree = "<group>"; };
		12A9BFEB17E3148B00726F30 /* ofxAssimpTexture.cpp */ = {isa = PBXFileReference; fileEncoding = 4; lastKnownFileType = sourcecode.cpp.cpp; path = ofxAssimpTexture.cpp; sourceTree = "<group>"; };
		12A9BFEC17E3148B00726F30 /* ofxAssimpTexture.h */ = {isa = PBXFileReference; fileEncoding = 4; lastKnownFileType = sourcecode.c.h; path = ofxAssimpTexture.h; sourceTree = "<group>"; };
		12A9BFED17E3148B00726F30 /* ofxAssimpUtils.h */ = {isa = PBXFileReference; fileEncoding = 4; lastKnownFileType = sourcecode.c.h; path = ofxAssimpUtils.h; sourceTree = "<group>"; };
		BBAB23BE13894E4700AA2426 /* GLUT.framework */ = {isa = PBXFileReference; lastKnownFileType = wrapper.framework; name = GLUT.framework; path = ../../../libs/glut/lib/osx/GLUT.framework; sourceTree = "<group>"; };
		E4328143138ABC890047C5CB /* openFrameworksLib.xcodeproj */ = {isa = PBXFileReference; lastKnownFileType = "wrapper.pb-project"; name = openFrameworksLib.xcodeproj; path = ../../../libs/openFrameworksCompiled/project/osx/openFrameworksLib.xcodeproj; sourceTree = SOURCE_ROOT; };
		E45BE9710E8CC7DD009D7055 /* AGL.framework */ = {isa = PBXFileReference; lastKnownFileType = wrapper.framework; name = AGL.framework; path = /System/Library/Frameworks/AGL.framework; sourceTree = "<absolute>"; };
		E45BE9720E8CC7DD009D7055 /* ApplicationServices.framework */ = {isa = PBXFileReference; lastKnownFileType = wrapper.framework; name = ApplicationServices.framework; path = /System/Library/Frameworks/ApplicationServices.framework; sourceTree = "<absolute>"; };
		E45BE9730E8CC7DD009D7055 /* AudioToolbox.framework */ = {isa = PBXFileReference; lastKnownFileType = wrapper.framework; name = AudioToolbox.framework; path = /System/Library/Frameworks/AudioToolbox.framework; sourceTree = "<absolute>"; };
		E45BE9740E8CC7DD009D7055 /* Carbon.framework */ = {isa = PBXFileReference; lastKnownFileType = wrapper.framework; name = Carbon.framework; path = /System/Library/Frameworks/Carbon.framework; sourceTree = "<absolute>"; };
		E45BE9750E8CC7DD009D7055 /* CoreAudio.framework */ = {isa = PBXFileReference; lastKnownFileType = wrapper.framework; name = CoreAudio.framework; path = /System/Library/Frameworks/CoreAudio.framework; sourceTree = "<absolute>"; };
		E45BE9760E8CC7DD009D7055 /* CoreFoundation.framework */ = {isa = PBXFileReference; lastKnownFileType = wrapper.framework; name = CoreFoundation.framework; path = /System/Library/Frameworks/CoreFoundation.framework; sourceTree = "<absolute>"; };
		E45BE9770E8CC7DD009D7055 /* CoreServices.framework */ = {isa = PBXFileReference; lastKnownFileType = wrapper.framework; name = CoreServices.framework; path = /System/Library/Frameworks/CoreServices.framework; sourceTree = "<absolute>"; };
		E45BE9790E8CC7DD009D7055 /* OpenGL.framework */ = {isa = PBXFileReference; lastKnownFileType = wrapper.framework; name = OpenGL.framework; path = /System/Library/Frameworks/OpenGL.framework; sourceTree = "<absolute>"; };
		E45BE97A0E8CC7DD009D7055 /* QuickTime.framework */ = {isa = PBXFileReference; lastKnownFileType = wrapper.framework; name = QuickTime.framework; path = /System/Library/Frameworks/QuickTime.framework; sourceTree = "<absolute>"; };
		E4B69B5B0A3A1756003C02F2 /* mySketch0910Debug.app */ = {isa = PBXFileReference; explicitFileType = wrapper.application; includeInIndex = 0; path = mySketch0910Debug.app; sourceTree = BUILT_PRODUCTS_DIR; };
		E4B69E1D0A3A1BDC003C02F2 /* main.cpp */ = {isa = PBXFileReference; fileEncoding = 30; lastKnownFileType = sourcecode.cpp.cpp; name = main.cpp; path = src/main.cpp; sourceTree = SOURCE_ROOT; };
		E4B69E1E0A3A1BDC003C02F2 /* testApp.cpp */ = {isa = PBXFileReference; explicitFileType = sourcecode.cpp.cpp; fileEncoding = 4; name = testApp.cpp; path = src/testApp.cpp; sourceTree = SOURCE_ROOT; };
		E4B69E1F0A3A1BDC003C02F2 /* testApp.h */ = {isa = PBXFileReference; fileEncoding = 30; lastKnownFileType = sourcecode.c.h; name = testApp.h; path = src/testApp.h; sourceTree = SOURCE_ROOT; };
		E4B6FCAD0C3E899E008CF71C /* openFrameworks-Info.plist */ = {isa = PBXFileReference; fileEncoding = 30; lastKnownFileType = text.plist.xml; path = "openFrameworks-Info.plist"; sourceTree = "<group>"; };
		E4C2424410CC5A17004149E2 /* AppKit.framework */ = {isa = PBXFileReference; lastKnownFileType = wrapper.framework; name = AppKit.framework; path = /System/Library/Frameworks/AppKit.framework; sourceTree = "<absolute>"; };
		E4C2424510CC5A17004149E2 /* Cocoa.framework */ = {isa = PBXFileReference; lastKnownFileType = wrapper.framework; name = Cocoa.framework; path = /System/Library/Frameworks/Cocoa.framework; sourceTree = "<absolute>"; };
		E4C2424610CC5A17004149E2 /* IOKit.framework */ = {isa = PBXFileReference; lastKnownFileType = wrapper.framework; name = IOKit.framework; path = /System/Library/Frameworks/IOKit.framework; sourceTree = "<absolute>"; };
		E4EB691F138AFCF100A09F29 /* CoreOF.xcconfig */ = {isa = PBXFileReference; fileEncoding = 4; lastKnownFileType = text.xcconfig; name = CoreOF.xcconfig; path = ../../../libs/openFrameworksCompiled/project/osx/CoreOF.xcconfig; sourceTree = SOURCE_ROOT; };
		E4EB6923138AFD0F00A09F29 /* Project.xcconfig */ = {isa = PBXFileReference; fileEncoding = 4; lastKnownFileType = text.xcconfig; path = Project.xcconfig; sourceTree = "<group>"; };
		E7E077E415D3B63C0020DFD4 /* CoreVideo.framework */ = {isa = PBXFileReference; lastKnownFileType = wrapper.framework; name = CoreVideo.framework; path = /System/Library/Frameworks/CoreVideo.framework; sourceTree = "<absolute>"; };
		E7E077E715D3B6510020DFD4 /* QTKit.framework */ = {isa = PBXFileReference; lastKnownFileType = wrapper.framework; name = QTKit.framework; path = /System/Library/Frameworks/QTKit.framework; sourceTree = "<absolute>"; };
		E7F985F515E0DE99003869B5 /* Accelerate.framework */ = {isa = PBXFileReference; lastKnownFileType = wrapper.framework; name = Accelerate.framework; path = /System/Library/Frameworks/Accelerate.framework; sourceTree = "<absolute>"; };
/* End PBXFileReference section */

/* Begin PBXFrameworksBuildPhase section */
		E4B69B590A3A1756003C02F2 /* Frameworks */ = {
			isa = PBXFrameworksBuildPhase;
			buildActionMask = 2147483647;
			files = (
				E7F985F815E0DEA3003869B5 /* Accelerate.framework in Frameworks */,
				E7E077E815D3B6510020DFD4 /* QTKit.framework in Frameworks */,
				E4EB6799138ADC1D00A09F29 /* GLUT.framework in Frameworks */,
				E4328149138ABC9F0047C5CB /* openFrameworksDebug.a in Frameworks */,
				E45BE97B0E8CC7DD009D7055 /* AGL.framework in Frameworks */,
				E45BE97C0E8CC7DD009D7055 /* ApplicationServices.framework in Frameworks */,
				E45BE97D0E8CC7DD009D7055 /* AudioToolbox.framework in Frameworks */,
				E45BE97E0E8CC7DD009D7055 /* Carbon.framework in Frameworks */,
				E45BE97F0E8CC7DD009D7055 /* CoreAudio.framework in Frameworks */,
				E45BE9800E8CC7DD009D7055 /* CoreFoundation.framework in Frameworks */,
				E45BE9810E8CC7DD009D7055 /* CoreServices.framework in Frameworks */,
				E45BE9830E8CC7DD009D7055 /* OpenGL.framework in Frameworks */,
				E45BE9840E8CC7DD009D7055 /* QuickTime.framework in Frameworks */,
				E4C2424710CC5A17004149E2 /* AppKit.framework in Frameworks */,
				E4C2424810CC5A17004149E2 /* Cocoa.framework in Frameworks */,
				E4C2424910CC5A17004149E2 /* IOKit.framework in Frameworks */,
				E7E077E515D3B63C0020DFD4 /* CoreVideo.framework in Frameworks */,
				12732E0D17E02A81007D3049 /* fftw3f.a in Frameworks */,
				12732E7017E05662007D3049 /* libftgl.a in Frameworks */,
				12732E7117E05663007D3049 /* libftgl.a in Frameworks */,
				12732E7217E05663007D3049 /* libftgl.a in Frameworks */,
				12732E7317E05663007D3049 /* ftgl_static.lib in Frameworks */,
				12A9BFEE17E3148B00726F30 /* assimp.a in Frameworks */,
			);
			runOnlyForDeploymentPostprocessing = 0;
		};
/* End PBXFrameworksBuildPhase section */

/* Begin PBXGroup section */
		12732C9817DF4174007D3049 /* ofx3DModelLoader */ = {
			isa = PBXGroup;
			children = (
				12732C9917DF4174007D3049 /* src */,
			);
			name = ofx3DModelLoader;
			path = ../../../addons/ofx3DModelLoader;
			sourceTree = "<group>";
		};
		12732C9917DF4174007D3049 /* src */ = {
			isa = PBXGroup;
			children = (
				12732C9A17DF4174007D3049 /* 3DS */,
				12732CA017DF4174007D3049 /* ofx3DBaseLoader.h */,
				12732CA117DF4174007D3049 /* ofx3dModelLoader.cpp */,
				12732CA217DF4174007D3049 /* ofx3DModelLoader.h */,
			);
			path = src;
			sourceTree = "<group>";
		};
		12732C9A17DF4174007D3049 /* 3DS */ = {
			isa = PBXGroup;
			children = (
				12732C9B17DF4174007D3049 /* model3DS.cpp */,
				12732C9C17DF4174007D3049 /* model3DS.h */,
				12732C9D17DF4174007D3049 /* texture3DS.cpp */,
				12732C9E17DF4174007D3049 /* texture3DS.h */,
				12732C9F17DF4174007D3049 /* Vector3DS.h */,
			);
			path = 3DS;
			sourceTree = "<group>";
		};
		12732DF217E02A80007D3049 /* ofxFft */ = {
			isa = PBXGroup;
			children = (
				12732DF317E02A80007D3049 /* .gitignore */,
				12732DF417E02A80007D3049 /* libs */,
				12732E0217E02A81007D3049 /* ofxaddons_thumbnail.png */,
				12732E0317E02A81007D3049 /* readme.md */,
				12732E0417E02A81007D3049 /* src */,
			);
			name = ofxFft;
			path = ../../../addons/ofxFft;
			sourceTree = "<group>";
		};
		12732DF417E02A80007D3049 /* libs */ = {
			isa = PBXGroup;
			children = (
				12732DF517E02A80007D3049 /* fftw */,
				12732DFC17E02A81007D3049 /* kiss */,
			);
			path = libs;
			sourceTree = "<group>";
		};
		12732DF517E02A80007D3049 /* fftw */ = {
			isa = PBXGroup;
			children = (
				12732DF617E02A80007D3049 /* include */,
				12732DF817E02A80007D3049 /* lib */,
			);
			path = fftw;
			sourceTree = "<group>";
		};
		12732DF617E02A80007D3049 /* include */ = {
			isa = PBXGroup;
			children = (
				12732DF717E02A80007D3049 /* fftw3.h */,
			);
			path = include;
			sourceTree = "<group>";
		};
		12732DF817E02A80007D3049 /* lib */ = {
			isa = PBXGroup;
			children = (
				12732DF917E02A80007D3049 /* .gitignore */,
				12732DFA17E02A80007D3049 /* osx */,
			);
			path = lib;
			sourceTree = "<group>";
		};
		12732DFA17E02A80007D3049 /* osx */ = {
			isa = PBXGroup;
			children = (
				12732DFB17E02A81007D3049 /* fftw3f.a */,
			);
			path = osx;
			sourceTree = "<group>";
		};
		12732DFC17E02A81007D3049 /* kiss */ = {
			isa = PBXGroup;
			children = (
				12732DFD17E02A81007D3049 /* _kiss_fft_guts.h */,
				12732DFE17E02A81007D3049 /* kiss_fft.c */,
				12732DFF17E02A81007D3049 /* kiss_fft.h */,
				12732E0017E02A81007D3049 /* kiss_fftr.c */,
				12732E0117E02A81007D3049 /* kiss_fftr.h */,
			);
			path = kiss;
			sourceTree = "<group>";
		};
		12732E0417E02A81007D3049 /* src */ = {
			isa = PBXGroup;
			children = (
				12732E0517E02A81007D3049 /* ofxEasyFft.cpp */,
				12732E0617E02A81007D3049 /* ofxEasyFft.h */,
				12732E0717E02A81007D3049 /* ofxFft.cpp */,
				12732E0817E02A81007D3049 /* ofxFft.h */,
				12732E0917E02A81007D3049 /* ofxFftBasic.cpp */,
				12732E0A17E02A81007D3049 /* ofxFftBasic.h */,
				12732E0B17E02A81007D3049 /* ofxFftw.cpp */,
				12732E0C17E02A81007D3049 /* ofxFftw.h */,
			);
			path = src;
			sourceTree = "<group>";
		};
		12732E4617E05662007D3049 /* ofxFTGL */ = {
			isa = PBXGroup;
			children = (
				12732E4717E05662007D3049 /* .gitignore */,
				12732E4817E05662007D3049 /* libs */,
				12732E6C17E05662007D3049 /* README.md */,
				12732E6D17E05662007D3049 /* src */,
			);
			name = ofxFTGL;
			path = ../../../addons/ofxFTGL;
			sourceTree = "<group>";
		};
		12732E4817E05662007D3049 /* libs */ = {
			isa = PBXGroup;
			children = (
				12732E4917E05662007D3049 /* FTGL */,
			);
			path = libs;
			sourceTree = "<group>";
		};
		12732E4917E05662007D3049 /* FTGL */ = {
			isa = PBXGroup;
			children = (
				12732E4A17E05662007D3049 /* include */,
				12732E6217E05662007D3049 /* lib */,
			);
			path = FTGL;
			sourceTree = "<group>";
		};
		12732E4A17E05662007D3049 /* include */ = {
			isa = PBXGroup;
			children = (
				12732E4B17E05662007D3049 /* FTGL */,
			);
			path = include;
			sourceTree = "<group>";
		};
		12732E4B17E05662007D3049 /* FTGL */ = {
			isa = PBXGroup;
			children = (
				12732E4C17E05662007D3049 /* FTBBox.h */,
				12732E4D17E05662007D3049 /* FTBitmapGlyph.h */,
				12732E4E17E05662007D3049 /* FTBuffer.h */,
				12732E4F17E05662007D3049 /* FTBufferFont.h */,
				12732E5017E05662007D3049 /* FTBufferGlyph.h */,
				12732E5117E05662007D3049 /* FTExtrdGlyph.h */,
				12732E5217E05662007D3049 /* FTFont.h */,
				12732E5317E05662007D3049 /* ftgl.h */,
				12732E5417E05662007D3049 /* FTGLBitmapFont.h */,
				12732E5517E05662007D3049 /* FTGLExtrdFont.h */,
				12732E5617E05662007D3049 /* FTGLOutlineFont.h */,
				12732E5717E05662007D3049 /* FTGLPixmapFont.h */,
				12732E5817E05662007D3049 /* FTGLPolygonFont.h */,
				12732E5917E05662007D3049 /* FTGLTextureFont.h */,
				12732E5A17E05662007D3049 /* FTGlyph.h */,
				12732E5B17E05662007D3049 /* FTLayout.h */,
				12732E5C17E05662007D3049 /* FTOutlineGlyph.h */,
				12732E5D17E05662007D3049 /* FTPixmapGlyph.h */,
				12732E5E17E05662007D3049 /* FTPoint.h */,
				12732E5F17E05662007D3049 /* FTPolyGlyph.h */,
				12732E6017E05662007D3049 /* FTSimpleLayout.h */,
				12732E6117E05662007D3049 /* FTTextureGlyph.h */,
			);
			path = FTGL;
			sourceTree = "<group>";
		};
		12732E6217E05662007D3049 /* lib */ = {
			isa = PBXGroup;
			children = (
				12732E6317E05662007D3049 /* linux */,
				12732E6517E05662007D3049 /* linux64 */,
				12732E6717E05662007D3049 /* osx */,
				12732E6A17E05662007D3049 /* vs2010 */,
			);
			path = lib;
			sourceTree = "<group>";
		};
		12732E6317E05662007D3049 /* linux */ = {
			isa = PBXGroup;
			children = (
				12732E6417E05662007D3049 /* libftgl.a */,
			);
			path = linux;
			sourceTree = "<group>";
		};
		12732E6517E05662007D3049 /* linux64 */ = {
			isa = PBXGroup;
			children = (
				12732E6617E05662007D3049 /* libftgl.a */,
			);
			path = linux64;
			sourceTree = "<group>";
		};
		12732E6717E05662007D3049 /* osx */ = {
			isa = PBXGroup;
			children = (
				12732E6817E05662007D3049 /* buildFTGL.sh */,
				12732E6917E05662007D3049 /* libftgl.a */,
			);
			path = osx;
			sourceTree = "<group>";
		};
		12732E6A17E05662007D3049 /* vs2010 */ = {
			isa = PBXGroup;
			children = (
				12732E6B17E05662007D3049 /* ftgl_static.lib */,
			);
			path = vs2010;
			sourceTree = "<group>";
		};
		12732E6D17E05662007D3049 /* src */ = {
			isa = PBXGroup;
			children = (
				12732E6E17E05662007D3049 /* ofxFTGLFont.cpp */,
				12732E6F17E05662007D3049 /* ofxFTGLFont.h */,
			);
			path = src;
			sourceTree = "<group>";
		};
		12A9BFB717E3148B00726F30 /* ofxAssimpModelLoader */ = {
			isa = PBXGroup;
			children = (
				12A9BFB817E3148B00726F30 /* addon_config.mk */,
				12A9BFB917E3148B00726F30 /* libs */,
				12A9BFE417E3148B00726F30 /* src */,
			);
			name = ofxAssimpModelLoader;
			path = ../../../addons/ofxAssimpModelLoader;
			sourceTree = "<group>";
		};
		12A9BFB917E3148B00726F30 /* libs */ = {
			isa = PBXGroup;
			children = (
				12A9BFBA17E3148B00726F30 /* assimp */,
			);
			path = libs;
			sourceTree = "<group>";
		};
		12A9BFBA17E3148B00726F30 /* assimp */ = {
			isa = PBXGroup;
			children = (
				12A9BFBB17E3148B00726F30 /* include */,
				12A9BFE117E3148B00726F30 /* lib */,
			);
			path = assimp;
			sourceTree = "<group>";
		};
		12A9BFBB17E3148B00726F30 /* include */ = {
			isa = PBXGroup;
			children = (
				12A9BFBC17E3148B00726F30 /* aiAnim.h */,
				12A9BFBD17E3148B00726F30 /* aiAssert.h */,
				12A9BFBE17E3148B00726F30 /* aiCamera.h */,
				12A9BFBF17E3148B00726F30 /* aiColor4D.h */,
				12A9BFC017E3148B00726F30 /* aiColor4D.inl */,
				12A9BFC117E3148B00726F30 /* aiConfig.h */,
				12A9BFC217E3148B00726F30 /* aiDefines.h */,
				12A9BFC317E3148B00726F30 /* aiFileIO.h */,
				12A9BFC417E3148B00726F30 /* aiLight.h */,
				12A9BFC517E3148B00726F30 /* aiMaterial.h */,
				12A9BFC617E3148B00726F30 /* aiMaterial.inl */,
				12A9BFC717E3148B00726F30 /* aiMatrix3x3.h */,
				12A9BFC817E3148B00726F30 /* aiMatrix3x3.inl */,
				12A9BFC917E3148B00726F30 /* aiMatrix4x4.h */,
				12A9BFCA17E3148B00726F30 /* aiMatrix4x4.inl */,
				12A9BFCB17E3148B00726F30 /* aiMesh.h */,
				12A9BFCC17E3148B00726F30 /* aiPostProcess.h */,
				12A9BFCD17E3148B00726F30 /* aiQuaternion.h */,
				12A9BFCE17E3148B00726F30 /* aiScene.h */,
				12A9BFCF17E3148B00726F30 /* aiTexture.h */,
				12A9BFD017E3148B00726F30 /* aiTypes.h */,
				12A9BFD117E3148B00726F30 /* aiVector2D.h */,
				12A9BFD217E3148B00726F30 /* aiVector3D.h */,
				12A9BFD317E3148B00726F30 /* aiVector3D.inl */,
				12A9BFD417E3148B00726F30 /* aiVersion.h */,
				12A9BFD517E3148B00726F30 /* assimp.h */,
				12A9BFD617E3148B00726F30 /* assimp.hpp */,
				12A9BFD717E3148B00726F30 /* Compiler */,
				12A9BFDA17E3148B00726F30 /* DefaultLogger.h */,
				12A9BFDB17E3148B00726F30 /* IOStream.h */,
				12A9BFDC17E3148B00726F30 /* IOSystem.h */,
				12A9BFDD17E3148B00726F30 /* Logger.h */,
				12A9BFDE17E3148B00726F30 /* LogStream.h */,
				12A9BFDF17E3148B00726F30 /* NullLogger.h */,
				12A9BFE017E3148B00726F30 /* ProgressHandler.h */,
			);
			path = include;
			sourceTree = "<group>";
		};
		12A9BFD717E3148B00726F30 /* Compiler */ = {
			isa = PBXGroup;
			children = (
				12A9BFD817E3148B00726F30 /* poppack1.h */,
				12A9BFD917E3148B00726F30 /* pushpack1.h */,
			);
			path = Compiler;
			sourceTree = "<group>";
		};
		12A9BFE117E3148B00726F30 /* lib */ = {
			isa = PBXGroup;
			children = (
				12A9BFE217E3148B00726F30 /* osx */,
			);
			path = lib;
			sourceTree = "<group>";
		};
		12A9BFE217E3148B00726F30 /* osx */ = {
			isa = PBXGroup;
			children = (
				12A9BFE317E3148B00726F30 /* assimp.a */,
			);
			path = osx;
			sourceTree = "<group>";
		};
		12A9BFE417E3148B00726F30 /* src */ = {
			isa = PBXGroup;
			children = (
				12A9BFE517E3148B00726F30 /* ofxAssimpAnimation.cpp */,
				12A9BFE617E3148B00726F30 /* ofxAssimpAnimation.h */,
				12A9BFE717E3148B00726F30 /* ofxAssimpMeshHelper.cpp */,
				12A9BFE817E3148B00726F30 /* ofxAssimpMeshHelper.h */,
				12A9BFE917E3148B00726F30 /* ofxAssimpModelLoader.cpp */,
				12A9BFEA17E3148B00726F30 /* ofxAssimpModelLoader.h */,
				12A9BFEB17E3148B00726F30 /* ofxAssimpTexture.cpp */,
				12A9BFEC17E3148B00726F30 /* ofxAssimpTexture.h */,
				12A9BFED17E3148B00726F30 /* ofxAssimpUtils.h */,
			);
			path = src;
			sourceTree = "<group>";
		};
		BB4B014C10F69532006C3DED /* addons */ = {
			isa = PBXGroup;
			children = (
				12A9BFB717E3148B00726F30 /* ofxAssimpModelLoader */,
				12732E4617E05662007D3049 /* ofxFTGL */,
				12732DF217E02A80007D3049 /* ofxFft */,
				12732C9817DF4174007D3049 /* ofx3DModelLoader */,
			);
			name = addons;
			sourceTree = "<group>";
		};
		BBAB23C913894ECA00AA2426 /* system frameworks */ = {
			isa = PBXGroup;
			children = (
				E7F985F515E0DE99003869B5 /* Accelerate.framework */,
				E4C2424410CC5A17004149E2 /* AppKit.framework */,
				E4C2424510CC5A17004149E2 /* Cocoa.framework */,
				E4C2424610CC5A17004149E2 /* IOKit.framework */,
				E45BE9710E8CC7DD009D7055 /* AGL.framework */,
				E45BE9720E8CC7DD009D7055 /* ApplicationServices.framework */,
				E45BE9730E8CC7DD009D7055 /* AudioToolbox.framework */,
				E45BE9740E8CC7DD009D7055 /* Carbon.framework */,
				E45BE9750E8CC7DD009D7055 /* CoreAudio.framework */,
				E45BE9760E8CC7DD009D7055 /* CoreFoundation.framework */,
				E45BE9770E8CC7DD009D7055 /* CoreServices.framework */,
				E45BE9790E8CC7DD009D7055 /* OpenGL.framework */,
				E45BE97A0E8CC7DD009D7055 /* QuickTime.framework */,
				E7E077E415D3B63C0020DFD4 /* CoreVideo.framework */,
				E7E077E715D3B6510020DFD4 /* QTKit.framework */,
			);
			name = "system frameworks";
			sourceTree = "<group>";
		};
		BBAB23CA13894EDB00AA2426 /* 3rd party frameworks */ = {
			isa = PBXGroup;
			children = (
				BBAB23BE13894E4700AA2426 /* GLUT.framework */,
			);
			name = "3rd party frameworks";
			sourceTree = "<group>";
		};
		E4328144138ABC890047C5CB /* Products */ = {
			isa = PBXGroup;
			children = (
				E4328148138ABC890047C5CB /* openFrameworksDebug.a */,
			);
			name = Products;
			sourceTree = "<group>";
		};
		E45BE5980E8CC70C009D7055 /* frameworks */ = {
			isa = PBXGroup;
			children = (
				BBAB23CA13894EDB00AA2426 /* 3rd party frameworks */,
				BBAB23C913894ECA00AA2426 /* system frameworks */,
			);
			name = frameworks;
			sourceTree = "<group>";
		};
		E4B69B4A0A3A1720003C02F2 = {
			isa = PBXGroup;
			children = (
				E4B6FCAD0C3E899E008CF71C /* openFrameworks-Info.plist */,
				E4EB6923138AFD0F00A09F29 /* Project.xcconfig */,
				E4B69E1C0A3A1BDC003C02F2 /* src */,
				BB4B014C10F69532006C3DED /* addons */,
				E45BE5980E8CC70C009D7055 /* frameworks */,
				E4B69B5B0A3A1756003C02F2 /* mySketch0910Debug.app */,
				E4EEC9E9138DF44700A80321 /* openFrameworks */,
			);
			sourceTree = "<group>";
		};
		E4B69E1C0A3A1BDC003C02F2 /* src */ = {
			isa = PBXGroup;
			children = (
				E4B69E1D0A3A1BDC003C02F2 /* main.cpp */,
				E4B69E1E0A3A1BDC003C02F2 /* testApp.cpp */,
				E4B69E1F0A3A1BDC003C02F2 /* testApp.h */,
			);
			path = src;
			sourceTree = SOURCE_ROOT;
		};
		E4EEC9E9138DF44700A80321 /* openFrameworks */ = {
			isa = PBXGroup;
			children = (
				E4EB691F138AFCF100A09F29 /* CoreOF.xcconfig */,
				E4328143138ABC890047C5CB /* openFrameworksLib.xcodeproj */,
			);
			name = openFrameworks;
			sourceTree = "<group>";
		};
/* End PBXGroup section */

/* Begin PBXNativeTarget section */
		E4B69B5A0A3A1756003C02F2 /* mySketch0910 */ = {
			isa = PBXNativeTarget;
			buildConfigurationList = E4B69B5F0A3A1757003C02F2 /* Build configuration list for PBXNativeTarget "mySketch0910" */;
			buildPhases = (
				E4B69B580A3A1756003C02F2 /* Sources */,
				E4B69B590A3A1756003C02F2 /* Frameworks */,
				E4B6FFFD0C3F9AB9008CF71C /* ShellScript */,
				E4C2427710CC5ABF004149E2 /* CopyFiles */,
			);
			buildRules = (
			);
			dependencies = (
				E4EEB9AC138B136A00A80321 /* PBXTargetDependency */,
			);
			name = mySketch0910;
			productName = myOFApp;
			productReference = E4B69B5B0A3A1756003C02F2 /* mySketch0910Debug.app */;
			productType = "com.apple.product-type.application";
		};
/* End PBXNativeTarget section */

/* Begin PBXProject section */
		E4B69B4C0A3A1720003C02F2 /* Project object */ = {
			isa = PBXProject;
			attributes = {
				LastUpgradeCheck = 0460;
			};
			buildConfigurationList = E4B69B4D0A3A1720003C02F2 /* Build configuration list for PBXProject "mySketch0910" */;
			compatibilityVersion = "Xcode 3.2";
			developmentRegion = English;
			hasScannedForEncodings = 0;
			knownRegions = (
				English,
				Japanese,
				French,
				German,
			);
			mainGroup = E4B69B4A0A3A1720003C02F2;
			productRefGroup = E4B69B4A0A3A1720003C02F2;
			projectDirPath = "";
			projectReferences = (
				{
					ProductGroup = E4328144138ABC890047C5CB /* Products */;
					ProjectRef = E4328143138ABC890047C5CB /* openFrameworksLib.xcodeproj */;
				},
			);
			projectRoot = "";
			targets = (
				E4B69B5A0A3A1756003C02F2 /* mySketch0910 */,
			);
		};
/* End PBXProject section */

/* Begin PBXReferenceProxy section */
		E4328148138ABC890047C5CB /* openFrameworksDebug.a */ = {
			isa = PBXReferenceProxy;
			fileType = archive.ar;
			path = openFrameworksDebug.a;
			remoteRef = E4328147138ABC890047C5CB /* PBXContainerItemProxy */;
			sourceTree = BUILT_PRODUCTS_DIR;
		};
/* End PBXReferenceProxy section */

/* Begin PBXShellScriptBuildPhase section */
		E4B6FFFD0C3F9AB9008CF71C /* ShellScript */ = {
			isa = PBXShellScriptBuildPhase;
			buildActionMask = 2147483647;
			files = (
			);
			inputPaths = (
			);
			outputPaths = (
			);
			runOnlyForDeploymentPostprocessing = 0;
			shellPath = /bin/sh;
			shellScript = "cp -f ../../../libs/fmodex/lib/osx/libfmodex.dylib \"$TARGET_BUILD_DIR/$PRODUCT_NAME.app/Contents/MacOS/libfmodex.dylib\"; install_name_tool -change ./libfmodex.dylib @executable_path/libfmodex.dylib \"$TARGET_BUILD_DIR/$PRODUCT_NAME.app/Contents/MacOS/$PRODUCT_NAME\";\nmkdir -p \"$TARGET_BUILD_DIR/$PRODUCT_NAME.app/Contents/Resources/\"\ncp -f \"$ICON_FILE\" \"$TARGET_BUILD_DIR/$PRODUCT_NAME.app/Contents/Resources/\"\n";
		};
/* End PBXShellScriptBuildPhase section */

/* Begin PBXSourcesBuildPhase section */
		E4B69B580A3A1756003C02F2 /* Sources */ = {
			isa = PBXSourcesBuildPhase;
			buildActionMask = 2147483647;
			files = (
				E4B69E200A3A1BDC003C02F2 /* main.cpp in Sources */,
				E4B69E210A3A1BDC003C02F2 /* testApp.cpp in Sources */,
				12732CA317DF4174007D3049 /* model3DS.cpp in Sources */,
				12732CA417DF4174007D3049 /* texture3DS.cpp in Sources */,
				12732CA517DF4174007D3049 /* ofx3dModelLoader.cpp in Sources */,
				12732E0E17E02A81007D3049 /* kiss_fft.c in Sources */,
				12732E0F17E02A81007D3049 /* kiss_fftr.c in Sources */,
				12732E1017E02A81007D3049 /* ofxEasyFft.cpp in Sources */,
				12732E1117E02A81007D3049 /* ofxFft.cpp in Sources */,
				12732E1217E02A81007D3049 /* ofxFftBasic.cpp in Sources */,
				12732E1317E02A81007D3049 /* ofxFftw.cpp in Sources */,
				12732E7417E05663007D3049 /* ofxFTGLFont.cpp in Sources */,
				12A9BFEF17E3148B00726F30 /* ofxAssimpAnimation.cpp in Sources */,
				12A9BFF017E3148B00726F30 /* ofxAssimpMeshHelper.cpp in Sources */,
				12A9BFF117E3148B00726F30 /* ofxAssimpModelLoader.cpp in Sources */,
				12A9BFF217E3148B00726F30 /* ofxAssimpTexture.cpp in Sources */,
			);
			runOnlyForDeploymentPostprocessing = 0;
		};
/* End PBXSourcesBuildPhase section */

/* Begin PBXTargetDependency section */
		E4EEB9AC138B136A00A80321 /* PBXTargetDependency */ = {
			isa = PBXTargetDependency;
			name = openFrameworks;
			targetProxy = E4EEB9AB138B136A00A80321 /* PBXContainerItemProxy */;
		};
/* End PBXTargetDependency section */

/* Begin XCBuildConfiguration section */
		E4B69B4E0A3A1720003C02F2 /* Debug */ = {
			isa = XCBuildConfiguration;
			baseConfigurationReference = E4EB6923138AFD0F00A09F29 /* Project.xcconfig */;
			buildSettings = {
				ARCHS = "$(ARCHS_STANDARD_32_64_BIT)";
				CONFIGURATION_BUILD_DIR = "$(SRCROOT)/bin/";
				COPY_PHASE_STRIP = NO;
				DEAD_CODE_STRIPPING = YES;
				GCC_AUTO_VECTORIZATION = YES;
				GCC_ENABLE_SSE3_EXTENSIONS = YES;
				GCC_ENABLE_SUPPLEMENTAL_SSE3_INSTRUCTIONS = YES;
				GCC_INLINES_ARE_PRIVATE_EXTERN = NO;
				GCC_OPTIMIZATION_LEVEL = 0;
				GCC_SYMBOLS_PRIVATE_EXTERN = NO;
				GCC_WARN_ABOUT_DEPRECATED_FUNCTIONS = YES;
				GCC_WARN_ABOUT_INVALID_OFFSETOF_MACRO = NO;
				GCC_WARN_ALLOW_INCOMPLETE_PROTOCOL = NO;
				GCC_WARN_UNINITIALIZED_AUTOS = NO;
				GCC_WARN_UNUSED_VALUE = NO;
				GCC_WARN_UNUSED_VARIABLE = NO;
				HEADER_SEARCH_PATHS = (
					"$(OF_CORE_HEADERS)",
					src,
					../../../addons/ofxFTGL/libs,
					../../../addons/ofxFTGL/libs/FTGL,
					../../../addons/ofxFTGL/libs/FTGL/include,
					../../../addons/ofxFTGL/libs/FTGL/lib,
					../../../addons/ofxFTGL/libs/FTGL/lib/osx,
					../../../addons/ofxFTGL/src,
				);
				MACOSX_DEPLOYMENT_TARGET = "";
				ONLY_ACTIVE_ARCH = YES;
				OTHER_CPLUSPLUSFLAGS = (
					"-D__MACOSX_CORE__",
					"-lpthread",
					"-mtune=native",
				);
				OTHER_LDFLAGS = (
					"$(OF_CORE_LIBS)",
					../../../addons/ofxFTGL/libs/FTGL/lib/osx/libftgl.a,
				);
				SDKROOT = "";
			};
			name = Debug;
		};
		E4B69B4F0A3A1720003C02F2 /* Release */ = {
			isa = XCBuildConfiguration;
			baseConfigurationReference = E4EB6923138AFD0F00A09F29 /* Project.xcconfig */;
			buildSettings = {
				ARCHS = "$(ARCHS_STANDARD_32_64_BIT)";
				CONFIGURATION_BUILD_DIR = "$(SRCROOT)/bin/";
				COPY_PHASE_STRIP = YES;
				DEAD_CODE_STRIPPING = YES;
				GCC_AUTO_VECTORIZATION = YES;
				GCC_ENABLE_SSE3_EXTENSIONS = YES;
				GCC_ENABLE_SUPPLEMENTAL_SSE3_INSTRUCTIONS = YES;
				GCC_INLINES_ARE_PRIVATE_EXTERN = NO;
				GCC_OPTIMIZATION_LEVEL = 3;
				GCC_SYMBOLS_PRIVATE_EXTERN = NO;
				GCC_UNROLL_LOOPS = YES;
				GCC_WARN_ABOUT_DEPRECATED_FUNCTIONS = YES;
				GCC_WARN_ABOUT_INVALID_OFFSETOF_MACRO = NO;
				GCC_WARN_ALLOW_INCOMPLETE_PROTOCOL = NO;
				GCC_WARN_UNINITIALIZED_AUTOS = NO;
				GCC_WARN_UNUSED_VALUE = NO;
				GCC_WARN_UNUSED_VARIABLE = NO;
				HEADER_SEARCH_PATHS = (
					"$(OF_CORE_HEADERS)",
					src,
					../../../addons/ofxFTGL/libs,
					../../../addons/ofxFTGL/libs/FTGL,
					../../../addons/ofxFTGL/libs/FTGL/include,
					../../../addons/ofxFTGL/libs/FTGL/lib,
					../../../addons/ofxFTGL/libs/FTGL/lib/osx,
					../../../addons/ofxFTGL/src,
				);
				MACOSX_DEPLOYMENT_TARGET = "";
				ONLY_ACTIVE_ARCH = YES;
				OTHER_CPLUSPLUSFLAGS = (
					"-D__MACOSX_CORE__",
					"-lpthread",
					"-mtune=native",
				);
				OTHER_LDFLAGS = (
					"$(OF_CORE_LIBS)",
					../../../addons/ofxFTGL/libs/FTGL/lib/osx/libftgl.a,
				);
				SDKROOT = "";
			};
			name = Release;
		};
		E4B69B600A3A1757003C02F2 /* Debug */ = {
			isa = XCBuildConfiguration;
			buildSettings = {
				COMBINE_HIDPI_IMAGES = YES;
				COPY_PHASE_STRIP = NO;
				FRAMEWORK_SEARCH_PATHS = (
					"$(inherited)",
					"$(FRAMEWORK_SEARCH_PATHS_QUOTED_FOR_TARGET_1)",
				);
				FRAMEWORK_SEARCH_PATHS_QUOTED_FOR_TARGET_1 = "\"$(SRCROOT)/../../../libs/glut/lib/osx\"";
				GCC_DYNAMIC_NO_PIC = NO;
				GCC_GENERATE_DEBUGGING_SYMBOLS = YES;
				GCC_MODEL_TUNING = NONE;
				ICON = "$(ICON_NAME_DEBUG)";
				ICON_FILE = "$(ICON_FILE_PATH)$(ICON)";
				INFOPLIST_FILE = "openFrameworks-Info.plist";
				INSTALL_PATH = "$(HOME)/Applications";
				LIBRARY_SEARCH_PATHS = (
					"$(inherited)",
					"$(LIBRARY_SEARCH_PATHS_QUOTED_FOR_TARGET_1)",
					"$(LIBRARY_SEARCH_PATHS_QUOTED_FOR_TARGET_2)",
					"$(LIBRARY_SEARCH_PATHS_QUOTED_FOR_TARGET_3)",
					"$(LIBRARY_SEARCH_PATHS_QUOTED_FOR_TARGET_4)",
					"$(LIBRARY_SEARCH_PATHS_QUOTED_FOR_TARGET_5)",
					"$(LIBRARY_SEARCH_PATHS_QUOTED_FOR_TARGET_6)",
					"$(LIBRARY_SEARCH_PATHS_QUOTED_FOR_TARGET_7)",
					"$(LIBRARY_SEARCH_PATHS_QUOTED_FOR_TARGET_8)",
					"$(LIBRARY_SEARCH_PATHS_QUOTED_FOR_TARGET_9)",
					"$(LIBRARY_SEARCH_PATHS_QUOTED_FOR_TARGET_10)",
					"$(LIBRARY_SEARCH_PATHS_QUOTED_FOR_TARGET_11)",
					"$(LIBRARY_SEARCH_PATHS_QUOTED_FOR_TARGET_12)",
					"$(LIBRARY_SEARCH_PATHS_QUOTED_FOR_TARGET_13)",
					"$(LIBRARY_SEARCH_PATHS_QUOTED_FOR_TARGET_14)",
					"$(LIBRARY_SEARCH_PATHS_QUOTED_FOR_TARGET_15)",
					"$(LIBRARY_SEARCH_PATHS_QUOTED_FOR_TARGET_2)",
					"$(LIBRARY_SEARCH_PATHS_QUOTED_FOR_TARGET_3)",
					"$(LIBRARY_SEARCH_PATHS_QUOTED_FOR_TARGET_7)",
					"$(LIBRARY_SEARCH_PATHS_QUOTED_FOR_TARGET_8)",
					"$(LIBRARY_SEARCH_PATHS_QUOTED_FOR_TARGET_9)",
					"$(LIBRARY_SEARCH_PATHS_QUOTED_FOR_TARGET_10)",
					"$(LIBRARY_SEARCH_PATHS_QUOTED_FOR_TARGET_11)",
					"$(LIBRARY_SEARCH_PATHS_QUOTED_FOR_TARGET_12)",
					"$(LIBRARY_SEARCH_PATHS_QUOTED_FOR_TARGET_13)",
					"$(LIBRARY_SEARCH_PATHS_QUOTED_FOR_TARGET_16)",
					"$(LIBRARY_SEARCH_PATHS_QUOTED_FOR_TARGET_17)",
					"$(LIBRARY_SEARCH_PATHS_QUOTED_FOR_TARGET_18)",
					"$(LIBRARY_SEARCH_PATHS_QUOTED_FOR_TARGET_19)",
					"$(LIBRARY_SEARCH_PATHS_QUOTED_FOR_TARGET_20)",
					"$(LIBRARY_SEARCH_PATHS_QUOTED_FOR_TARGET_21)",
					"$(LIBRARY_SEARCH_PATHS_QUOTED_FOR_TARGET_22)",
					"$(LIBRARY_SEARCH_PATHS_QUOTED_FOR_TARGET_23)",
					"$(LIBRARY_SEARCH_PATHS_QUOTED_FOR_TARGET_24)",
					"$(LIBRARY_SEARCH_PATHS_QUOTED_FOR_TARGET_25)",
					"$(LIBRARY_SEARCH_PATHS_QUOTED_FOR_TARGET_26)",
					"$(LIBRARY_SEARCH_PATHS_QUOTED_FOR_TARGET_27)",
					"$(LIBRARY_SEARCH_PATHS_QUOTED_FOR_TARGET_28)",
					"$(LIBRARY_SEARCH_PATHS_QUOTED_FOR_TARGET_29)",
					"$(LIBRARY_SEARCH_PATHS_QUOTED_FOR_TARGET_30)",
					"$(LIBRARY_SEARCH_PATHS_QUOTED_FOR_TARGET_31)",
					"$(LIBRARY_SEARCH_PATHS_QUOTED_FOR_TARGET_32)",
					"$(LIBRARY_SEARCH_PATHS_QUOTED_FOR_TARGET_33)",
					"$(LIBRARY_SEARCH_PATHS_QUOTED_FOR_TARGET_34)",
					"$(LIBRARY_SEARCH_PATHS_QUOTED_FOR_TARGET_35)",
					"$(LIBRARY_SEARCH_PATHS_QUOTED_FOR_TARGET_36)",
					"$(LIBRARY_SEARCH_PATHS_QUOTED_FOR_TARGET_37)",
					"$(LIBRARY_SEARCH_PATHS_QUOTED_FOR_TARGET_38)",
					"$(LIBRARY_SEARCH_PATHS_QUOTED_FOR_TARGET_39)",
					"$(LIBRARY_SEARCH_PATHS_QUOTED_FOR_TARGET_40)",
					"$(LIBRARY_SEARCH_PATHS_QUOTED_FOR_TARGET_41)",
					"$(LIBRARY_SEARCH_PATHS_QUOTED_FOR_TARGET_42)",
					"$(LIBRARY_SEARCH_PATHS_QUOTED_FOR_TARGET_43)",
					"$(LIBRARY_SEARCH_PATHS_QUOTED_FOR_TARGET_44)",
					"$(LIBRARY_SEARCH_PATHS_QUOTED_FOR_TARGET_45)",
					"$(LIBRARY_SEARCH_PATHS_QUOTED_FOR_TARGET_46)",
					"$(LIBRARY_SEARCH_PATHS_QUOTED_FOR_TARGET_47)",
					"$(LIBRARY_SEARCH_PATHS_QUOTED_FOR_TARGET_48)",
					"$(LIBRARY_SEARCH_PATHS_QUOTED_FOR_TARGET_49)",
					"$(LIBRARY_SEARCH_PATHS_QUOTED_FOR_TARGET_50)",
					"$(LIBRARY_SEARCH_PATHS_QUOTED_FOR_TARGET_51)",
					"$(LIBRARY_SEARCH_PATHS_QUOTED_FOR_TARGET_52)",
					"\"$(SRCROOT)/../../../addons/ofxFft/libs/fftw/lib/osx\"",
					"\"$(SRCROOT)/../../../addons/ofxFTGL/libs/FTGL/lib/linux\"",
					"\"$(SRCROOT)/../../../addons/ofxFTGL/libs/FTGL/lib/linux64\"",
					"\"$(SRCROOT)/../../../addons/ofxFTGL/libs/FTGL/lib/osx\"",
					"\"$(SRCROOT)/../../../addons/ofxFTGL/libs/FTGL/lib/vs2010\"",
					"\"$(SRCROOT)/../../../addons/ofxAssimpModelLoader/libs/assimp/lib/osx\"",
				);
				PRODUCT_NAME = "$(TARGET_NAME)Debug";
				WRAPPER_EXTENSION = app;
			};
			name = Debug;
		};
		E4B69B610A3A1757003C02F2 /* Release */ = {
			isa = XCBuildConfiguration;
			buildSettings = {
				COMBINE_HIDPI_IMAGES = YES;
				COPY_PHASE_STRIP = YES;
				FRAMEWORK_SEARCH_PATHS = (
					"$(inherited)",
					"$(FRAMEWORK_SEARCH_PATHS_QUOTED_FOR_TARGET_1)",
				);
				FRAMEWORK_SEARCH_PATHS_QUOTED_FOR_TARGET_1 = "\"$(SRCROOT)/../../../libs/glut/lib/osx\"";
				GCC_GENERATE_DEBUGGING_SYMBOLS = YES;
				GCC_MODEL_TUNING = NONE;
				ICON = "$(ICON_NAME_RELEASE)";
				ICON_FILE = "$(ICON_FILE_PATH)$(ICON)";
				INFOPLIST_FILE = "openFrameworks-Info.plist";
				INSTALL_PATH = "$(HOME)/Applications";
				LIBRARY_SEARCH_PATHS = (
					"$(inherited)",
					"$(LIBRARY_SEARCH_PATHS_QUOTED_FOR_TARGET_1)",
					"$(LIBRARY_SEARCH_PATHS_QUOTED_FOR_TARGET_2)",
					"$(LIBRARY_SEARCH_PATHS_QUOTED_FOR_TARGET_3)",
					"$(LIBRARY_SEARCH_PATHS_QUOTED_FOR_TARGET_4)",
					"$(LIBRARY_SEARCH_PATHS_QUOTED_FOR_TARGET_5)",
					"$(LIBRARY_SEARCH_PATHS_QUOTED_FOR_TARGET_6)",
					"$(LIBRARY_SEARCH_PATHS_QUOTED_FOR_TARGET_7)",
					"$(LIBRARY_SEARCH_PATHS_QUOTED_FOR_TARGET_8)",
					"$(LIBRARY_SEARCH_PATHS_QUOTED_FOR_TARGET_9)",
					"$(LIBRARY_SEARCH_PATHS_QUOTED_FOR_TARGET_10)",
					"$(LIBRARY_SEARCH_PATHS_QUOTED_FOR_TARGET_11)",
					"$(LIBRARY_SEARCH_PATHS_QUOTED_FOR_TARGET_12)",
					"$(LIBRARY_SEARCH_PATHS_QUOTED_FOR_TARGET_13)",
					"$(LIBRARY_SEARCH_PATHS_QUOTED_FOR_TARGET_14)",
					"$(LIBRARY_SEARCH_PATHS_QUOTED_FOR_TARGET_15)",
					"$(LIBRARY_SEARCH_PATHS_QUOTED_FOR_TARGET_2)",
					"$(LIBRARY_SEARCH_PATHS_QUOTED_1)",
					"$(LIBRARY_SEARCH_PATHS_QUOTED_FOR_TARGET_3)",
					"$(LIBRARY_SEARCH_PATHS_QUOTED_FOR_TARGET_7)",
					"$(LIBRARY_SEARCH_PATHS_QUOTED_FOR_TARGET_8)",
					"$(LIBRARY_SEARCH_PATHS_QUOTED_FOR_TARGET_9)",
					"$(LIBRARY_SEARCH_PATHS_QUOTED_FOR_TARGET_10)",
					"$(LIBRARY_SEARCH_PATHS_QUOTED_FOR_TARGET_11)",
					"$(LIBRARY_SEARCH_PATHS_QUOTED_FOR_TARGET_12)",
					"$(LIBRARY_SEARCH_PATHS_QUOTED_FOR_TARGET_13)",
					"$(LIBRARY_SEARCH_PATHS_QUOTED_FOR_TARGET_16)",
					"$(LIBRARY_SEARCH_PATHS_QUOTED_FOR_TARGET_17)",
					"$(LIBRARY_SEARCH_PATHS_QUOTED_FOR_TARGET_18)",
					"$(LIBRARY_SEARCH_PATHS_QUOTED_FOR_TARGET_19)",
					"$(LIBRARY_SEARCH_PATHS_QUOTED_FOR_TARGET_20)",
					"$(LIBRARY_SEARCH_PATHS_QUOTED_FOR_TARGET_21)",
					"$(LIBRARY_SEARCH_PATHS_QUOTED_FOR_TARGET_22)",
					"$(LIBRARY_SEARCH_PATHS_QUOTED_FOR_TARGET_23)",
					"$(LIBRARY_SEARCH_PATHS_QUOTED_FOR_TARGET_24)",
					"$(LIBRARY_SEARCH_PATHS_QUOTED_FOR_TARGET_25)",
					"$(LIBRARY_SEARCH_PATHS_QUOTED_FOR_TARGET_26)",
					"$(LIBRARY_SEARCH_PATHS_QUOTED_FOR_TARGET_27)",
					"$(LIBRARY_SEARCH_PATHS_QUOTED_FOR_TARGET_28)",
					"$(LIBRARY_SEARCH_PATHS_QUOTED_FOR_TARGET_29)",
					"$(LIBRARY_SEARCH_PATHS_QUOTED_FOR_TARGET_30)",
					"$(LIBRARY_SEARCH_PATHS_QUOTED_FOR_TARGET_31)",
					"$(LIBRARY_SEARCH_PATHS_QUOTED_FOR_TARGET_32)",
					"$(LIBRARY_SEARCH_PATHS_QUOTED_FOR_TARGET_33)",
					"$(LIBRARY_SEARCH_PATHS_QUOTED_FOR_TARGET_34)",
					"$(LIBRARY_SEARCH_PATHS_QUOTED_FOR_TARGET_35)",
					"$(LIBRARY_SEARCH_PATHS_QUOTED_FOR_TARGET_36)",
					"$(LIBRARY_SEARCH_PATHS_QUOTED_FOR_TARGET_37)",
					"$(LIBRARY_SEARCH_PATHS_QUOTED_FOR_TARGET_38)",
					"$(LIBRARY_SEARCH_PATHS_QUOTED_FOR_TARGET_39)",
					"$(LIBRARY_SEARCH_PATHS_QUOTED_FOR_TARGET_40)",
					"$(LIBRARY_SEARCH_PATHS_QUOTED_FOR_TARGET_41)",
					"$(LIBRARY_SEARCH_PATHS_QUOTED_FOR_TARGET_42)",
					"$(LIBRARY_SEARCH_PATHS_QUOTED_FOR_TARGET_43)",
					"$(LIBRARY_SEARCH_PATHS_QUOTED_FOR_TARGET_44)",
					"$(LIBRARY_SEARCH_PATHS_QUOTED_FOR_TARGET_45)",
					"$(LIBRARY_SEARCH_PATHS_QUOTED_FOR_TARGET_46)",
					"$(LIBRARY_SEARCH_PATHS_QUOTED_FOR_TARGET_47)",
					"$(LIBRARY_SEARCH_PATHS_QUOTED_FOR_TARGET_48)",
					"$(LIBRARY_SEARCH_PATHS_QUOTED_FOR_TARGET_49)",
					"$(LIBRARY_SEARCH_PATHS_QUOTED_FOR_TARGET_50)",
					"$(LIBRARY_SEARCH_PATHS_QUOTED_FOR_TARGET_51)",
					"\"$(SRCROOT)/../../../addons/ofxFft/libs/fftw/lib/osx\"",
					"\"$(SRCROOT)/../../../addons/ofxFTGL/libs/FTGL/lib/linux\"",
					"\"$(SRCROOT)/../../../addons/ofxFTGL/libs/FTGL/lib/linux64\"",
					"\"$(SRCROOT)/../../../addons/ofxFTGL/libs/FTGL/lib/osx\"",
					"\"$(SRCROOT)/../../../addons/ofxFTGL/libs/FTGL/lib/vs2010\"",
					"\"$(SRCROOT)/../../../addons/ofxAssimpModelLoader/libs/assimp/lib/osx\"",
				);
				PRODUCT_NAME = "$(TARGET_NAME)";
				WRAPPER_EXTENSION = app;
			};
			name = Release;
		};
/* End XCBuildConfiguration section */

/* Begin XCConfigurationList section */
		E4B69B4D0A3A1720003C02F2 /* Build configuration list for PBXProject "mySketch0910" */ = {
			isa = XCConfigurationList;
			buildConfigurations = (
				E4B69B4E0A3A1720003C02F2 /* Debug */,
				E4B69B4F0A3A1720003C02F2 /* Release */,
			);
			defaultConfigurationIsVisible = 0;
			defaultConfigurationName = Release;
		};
		E4B69B5F0A3A1757003C02F2 /* Build configuration list for PBXNativeTarget "mySketch0910" */ = {
			isa = XCConfigurationList;
			buildConfigurations = (
				E4B69B600A3A1757003C02F2 /* Debug */,
				E4B69B610A3A1757003C02F2 /* Release */,
			);
			defaultConfigurationIsVisible = 0;
			defaultConfigurationName = Release;
		};
/* End XCConfigurationList section */
	};
	rootObject = E4B69B4C0A3A1720003C02F2 /* Project object */;
}
